// !$*UTF8*$!
{
	archiveVersion = 1;
	classes = {
	};
	objectVersion = 56;
	objects = {

/* Begin PBXBuildFile section */
		5E5663B92DDBDC5100B5BD06 /* PomodoroView.swift in Sources */ = {isa = PBXBuildFile; fileRef = 5E5663B52DDBDC5100B5BD06 /* PomodoroView.swift */; };
		5E5663BA2DDBDC5100B5BD06 /* PomodoroViewModel.swift in Sources */ = {isa = PBXBuildFile; fileRef = 5E5663B62DDBDC5100B5BD06 /* PomodoroViewModel.swift */; };
		5E5663BD2DDBEAC900B5BD06 /* PomodoroTheme.swift in Sources */ = {isa = PBXBuildFile; fileRef = 5E5663BC2DDBEAC900B5BD06 /* PomodoroTheme.swift */; };
		5E5663BF2DDBEBB000B5BD06 /* PomodoroState.swift in Sources */ = {isa = PBXBuildFile; fileRef = 5E5663BE2DDBEBB000B5BD06 /* PomodoroState.swift */; };
		5E5663D02DDC17CE00B5BD06 /* ArcProgressBar.swift in Sources */ = {isa = PBXBuildFile; fileRef = 5E5663CD2DDC17CE00B5BD06 /* ArcProgressBar.swift */; };
		5E5663D12DDC17CE00B5BD06 /* ConfigOptionsSheet.swift in Sources */ = {isa = PBXBuildFile; fileRef = 5E5663CE2DDC17CE00B5BD06 /* ConfigOptionsSheet.swift */; };
		5E5D05D42DDE29AA00C37BA4 /* User.swift in Sources */ = {isa = PBXBuildFile; fileRef = 5E5D05D12DDE29AA00C37BA4 /* User.swift */; };
		5E5D05D52DDE29AA00C37BA4 /* Visualization.swift in Sources */ = {isa = PBXBuildFile; fileRef = 5E5D05D22DDE29AA00C37BA4 /* Visualization.swift */; };
		5E5D05D62DDE29AA00C37BA4 /* Date.swift in Sources */ = {isa = PBXBuildFile; fileRef = 5E5D05D32DDE29AA00C37BA4 /* Date.swift */; };
		5E5D05D82DDE29DA00C37BA4 /* GetUserUseCase.swift in Sources */ = {isa = PBXBuildFile; fileRef = 5E5D05D72DDE29DA00C37BA4 /* GetUserUseCase.swift */; };
		5E5D05DA2DDE29E400C37BA4 /* UserRepository.swift in Sources */ = {isa = PBXBuildFile; fileRef = 5E5D05D92DDE29E400C37BA4 /* UserRepository.swift */; };
		5E5D05DD2DDE2C1D00C37BA4 /* Database.swift in Sources */ = {isa = PBXBuildFile; fileRef = 5E5D05DB2DDE2C1D00C37BA4 /* Database.swift */; };
		5E5D05E42DDE7C2B00C37BA4 /* ProfileView.swift in Sources */ = {isa = PBXBuildFile; fileRef = 5E5D05DE2DDE7C2B00C37BA4 /* ProfileView.swift */; };
		5E5D05E52DDE7C2B00C37BA4 /* ProfileViewModel.swift in Sources */ = {isa = PBXBuildFile; fileRef = 5E5D05DF2DDE7C2B00C37BA4 /* ProfileViewModel.swift */; };
		5E5D05E62DDE7C2B00C37BA4 /* HomeView.swift in Sources */ = {isa = PBXBuildFile; fileRef = 5E5D05E12DDE7C2B00C37BA4 /* HomeView.swift */; };
		5E5D05E72DDE7C2B00C37BA4 /* HomeViewModel.swift in Sources */ = {isa = PBXBuildFile; fileRef = 5E5D05E22DDE7C2B00C37BA4 /* HomeViewModel.swift */; };
		5E5D05E92DDE7DAF00C37BA4 /* UserStoreProtocol.swift in Sources */ = {isa = PBXBuildFile; fileRef = 5E5D05E82DDE7DAF00C37BA4 /* UserStoreProtocol.swift */; };
		5E5D05EB2DDE7DE200C37BA4 /* UserRepositoryProtocol.swift in Sources */ = {isa = PBXBuildFile; fileRef = 5E5D05EA2DDE7DE200C37BA4 /* UserRepositoryProtocol.swift */; };
		5E5D05EE2DDE7F4000C37BA4 /* UpdateUserUseCase.swift in Sources */ = {isa = PBXBuildFile; fileRef = 5E5D05ED2DDE7F4000C37BA4 /* UpdateUserUseCase.swift */; };
		5E5D05F02DDE81B500C37BA4 /* MockUserData.swift in Sources */ = {isa = PBXBuildFile; fileRef = 5E5D05EF2DDE81B500C37BA4 /* MockUserData.swift */; };
		5E5D05F22DDE829000C37BA4 /* Task.swift in Sources */ = {isa = PBXBuildFile; fileRef = 5E5D05F12DDE829000C37BA4 /* Task.swift */; };
		5E5D05F42DDE850E00C37BA4 /* ProfileTheme.swift in Sources */ = {isa = PBXBuildFile; fileRef = 5E5D05F32DDE850E00C37BA4 /* ProfileTheme.swift */; };
		5E5D05F92DDE87E400C37BA4 /* poppins.bold.ttf in Resources */ = {isa = PBXBuildFile; fileRef = 5E5D05F52DDE87E400C37BA4 /* poppins.bold.ttf */; };
		5E5D05FA2DDE87E400C37BA4 /* poppins.semibold.ttf in Resources */ = {isa = PBXBuildFile; fileRef = 5E5D05F62DDE87E400C37BA4 /* poppins.semibold.ttf */; };
		5E5D05FB2DDE87E400C37BA4 /* poppins.regular.ttf in Resources */ = {isa = PBXBuildFile; fileRef = 5E5D05F72DDE87E400C37BA4 /* poppins.regular.ttf */; };
		5E5D05FC2DDE87E400C37BA4 /* poppins.medium.ttf in Resources */ = {isa = PBXBuildFile; fileRef = 5E5D05F82DDE87E400C37BA4 /* poppins.medium.ttf */; };
		5E5D062F2DDE8E5F00C37BA4 /* HabitCard.swift in Sources */ = {isa = PBXBuildFile; fileRef = 5E5D062C2DDE8E5F00C37BA4 /* HabitCard.swift */; };
		5E5D06302DDE8E5F00C37BA4 /* TodoList.swift in Sources */ = {isa = PBXBuildFile; fileRef = 5E5D062D2DDE8E5F00C37BA4 /* TodoList.swift */; };
		5E5D06322DDE921100C37BA4 /* HabitCarousel.swift in Sources */ = {isa = PBXBuildFile; fileRef = 5E5D06312DDE921100C37BA4 /* HabitCarousel.swift */; };
		5E6572A42DC71F390063512A /* attentiveApp.swift in Sources */ = {isa = PBXBuildFile; fileRef = 5E6572A32DC71F390063512A /* attentiveApp.swift */; };
		5E6572A62DC71F390063512A /* ContentView.swift in Sources */ = {isa = PBXBuildFile; fileRef = 5E6572A52DC71F390063512A /* ContentView.swift */; };
		5E6572A82DC71F3A0063512A /* Assets.xcassets in Resources */ = {isa = PBXBuildFile; fileRef = 5E6572A72DC71F3A0063512A /* Assets.xcassets */; };
		5E6572AC2DC71F3A0063512A /* Preview Assets.xcassets in Resources */ = {isa = PBXBuildFile; fileRef = 5E6572AB2DC71F3A0063512A /* Preview Assets.xcassets */; };
		5E6572B62DC71F3A0063512A /* attentiveTests.swift in Sources */ = {isa = PBXBuildFile; fileRef = 5E6572B52DC71F3A0063512A /* attentiveTests.swift */; };
		5E6572C02DC71F3A0063512A /* attentiveUITests.swift in Sources */ = {isa = PBXBuildFile; fileRef = 5E6572BF2DC71F3A0063512A /* attentiveUITests.swift */; };
		5E6572C22DC71F3A0063512A /* attentiveUITestsLaunchTests.swift in Sources */ = {isa = PBXBuildFile; fileRef = 5E6572C12DC71F3A0063512A /* attentiveUITestsLaunchTests.swift */; };
		5E6572D02DC720090063512A /* Inject in Frameworks */ = {isa = PBXBuildFile; productRef = 5E6572CF2DC720090063512A /* Inject */; };
		5EAE81272DC72B2800227EBA /* Habit.swift in Sources */ = {isa = PBXBuildFile; fileRef = 5EAE81232DC72B2800227EBA /* Habit.swift */; };
		5EAE81282DC72B2800227EBA /* Metrics.swift in Sources */ = {isa = PBXBuildFile; fileRef = 5EAE81242DC72B2800227EBA /* Metrics.swift */; };
/* End PBXBuildFile section */

/* Begin PBXContainerItemProxy section */
		5E6572B22DC71F3A0063512A /* PBXContainerItemProxy */ = {
			isa = PBXContainerItemProxy;
			containerPortal = 5E6572982DC71F390063512A /* Project object */;
			proxyType = 1;
			remoteGlobalIDString = 5E65729F2DC71F390063512A;
			remoteInfo = attentive;
		};
		5E6572BC2DC71F3A0063512A /* PBXContainerItemProxy */ = {
			isa = PBXContainerItemProxy;
			containerPortal = 5E6572982DC71F390063512A /* Project object */;
			proxyType = 1;
			remoteGlobalIDString = 5E65729F2DC71F390063512A;
			remoteInfo = attentive;
		};
/* End PBXContainerItemProxy section */

/* Begin PBXCopyFilesBuildPhase section */
		5EAE81162DC72A9900227EBA /* Embed Foundation Extensions */ = {
			isa = PBXCopyFilesBuildPhase;
			buildActionMask = 2147483647;
			dstPath = "";
			dstSubfolderSpec = 13;
			files = (
			);
			name = "Embed Foundation Extensions";
			runOnlyForDeploymentPostprocessing = 0;
		};
/* End PBXCopyFilesBuildPhase section */

/* Begin PBXFileReference section */
		5E5663B52DDBDC5100B5BD06 /* PomodoroView.swift */ = {isa = PBXFileReference; fileEncoding = 4; lastKnownFileType = sourcecode.swift; path = PomodoroView.swift; sourceTree = "<group>"; };
		5E5663B62DDBDC5100B5BD06 /* PomodoroViewModel.swift */ = {isa = PBXFileReference; fileEncoding = 4; lastKnownFileType = sourcecode.swift; path = PomodoroViewModel.swift; sourceTree = "<group>"; };
		5E5663BC2DDBEAC900B5BD06 /* PomodoroTheme.swift */ = {isa = PBXFileReference; lastKnownFileType = sourcecode.swift; path = PomodoroTheme.swift; sourceTree = "<group>"; };
		5E5663BE2DDBEBB000B5BD06 /* PomodoroState.swift */ = {isa = PBXFileReference; lastKnownFileType = sourcecode.swift; path = PomodoroState.swift; sourceTree = "<group>"; };
		5E5663C42DDBF35E00B5BD06 /* RobotoMono-VariableFont_wght.ttf */ = {isa = PBXFileReference; lastKnownFileType = file; path = "RobotoMono-VariableFont_wght.ttf"; sourceTree = "<group>"; };
		5E5663CD2DDC17CE00B5BD06 /* ArcProgressBar.swift */ = {isa = PBXFileReference; fileEncoding = 4; lastKnownFileType = sourcecode.swift; path = ArcProgressBar.swift; sourceTree = "<group>"; };
		5E5663CE2DDC17CE00B5BD06 /* ConfigOptionsSheet.swift */ = {isa = PBXFileReference; fileEncoding = 4; lastKnownFileType = sourcecode.swift; path = ConfigOptionsSheet.swift; sourceTree = "<group>"; };
		5E5D05D12DDE29AA00C37BA4 /* User.swift */ = {isa = PBXFileReference; fileEncoding = 4; lastKnownFileType = sourcecode.swift; path = User.swift; sourceTree = "<group>"; };
		5E5D05D22DDE29AA00C37BA4 /* Visualization.swift */ = {isa = PBXFileReference; fileEncoding = 4; lastKnownFileType = sourcecode.swift; path = Visualization.swift; sourceTree = "<group>"; };
		5E5D05D32DDE29AA00C37BA4 /* Date.swift */ = {isa = PBXFileReference; fileEncoding = 4; lastKnownFileType = sourcecode.swift; path = Date.swift; sourceTree = "<group>"; };
		5E5D05D72DDE29DA00C37BA4 /* GetUserUseCase.swift */ = {isa = PBXFileReference; fileEncoding = 4; lastKnownFileType = sourcecode.swift; path = GetUserUseCase.swift; sourceTree = "<group>"; };
		5E5D05D92DDE29E400C37BA4 /* UserRepository.swift */ = {isa = PBXFileReference; fileEncoding = 4; lastKnownFileType = sourcecode.swift; path = UserRepository.swift; sourceTree = "<group>"; };
		5E5D05DB2DDE2C1D00C37BA4 /* Database.swift */ = {isa = PBXFileReference; fileEncoding = 4; lastKnownFileType = sourcecode.swift; path = Database.swift; sourceTree = "<group>"; };
		5E5D05DE2DDE7C2B00C37BA4 /* ProfileView.swift */ = {isa = PBXFileReference; fileEncoding = 4; lastKnownFileType = sourcecode.swift; path = ProfileView.swift; sourceTree = "<group>"; };
		5E5D05DF2DDE7C2B00C37BA4 /* ProfileViewModel.swift */ = {isa = PBXFileReference; fileEncoding = 4; lastKnownFileType = sourcecode.swift; path = ProfileViewModel.swift; sourceTree = "<group>"; };
		5E5D05E12DDE7C2B00C37BA4 /* HomeView.swift */ = {isa = PBXFileReference; fileEncoding = 4; lastKnownFileType = sourcecode.swift; path = HomeView.swift; sourceTree = "<group>"; };
		5E5D05E22DDE7C2B00C37BA4 /* HomeViewModel.swift */ = {isa = PBXFileReference; fileEncoding = 4; lastKnownFileType = sourcecode.swift; path = HomeViewModel.swift; sourceTree = "<group>"; };
		5E5D05E82DDE7DAF00C37BA4 /* UserStoreProtocol.swift */ = {isa = PBXFileReference; lastKnownFileType = sourcecode.swift; path = UserStoreProtocol.swift; sourceTree = "<group>"; };
		5E5D05EA2DDE7DE200C37BA4 /* UserRepositoryProtocol.swift */ = {isa = PBXFileReference; lastKnownFileType = sourcecode.swift; path = UserRepositoryProtocol.swift; sourceTree = "<group>"; };
		5E5D05ED2DDE7F4000C37BA4 /* UpdateUserUseCase.swift */ = {isa = PBXFileReference; lastKnownFileType = sourcecode.swift; path = UpdateUserUseCase.swift; sourceTree = "<group>"; };
		5E5D05EF2DDE81B500C37BA4 /* MockUserData.swift */ = {isa = PBXFileReference; lastKnownFileType = sourcecode.swift; path = MockUserData.swift; sourceTree = "<group>"; };
		5E5D05F12DDE829000C37BA4 /* Task.swift */ = {isa = PBXFileReference; fileEncoding = 4; lastKnownFileType = sourcecode.swift; path = Task.swift; sourceTree = "<group>"; };
		5E5D05F32DDE850E00C37BA4 /* ProfileTheme.swift */ = {isa = PBXFileReference; lastKnownFileType = sourcecode.swift; path = ProfileTheme.swift; sourceTree = "<group>"; };
		5E5D05F52DDE87E400C37BA4 /* poppins.bold.ttf */ = {isa = PBXFileReference; lastKnownFileType = file; name = poppins.bold.ttf; path = ../../../../../../Downloads/poppins.bold.ttf; sourceTree = "<group>"; };
		5E5D05F62DDE87E400C37BA4 /* poppins.semibold.ttf */ = {isa = PBXFileReference; lastKnownFileType = file; name = poppins.semibold.ttf; path = ../../../../../../Downloads/poppins.semibold.ttf; sourceTree = "<group>"; };
		5E5D05F72DDE87E400C37BA4 /* poppins.regular.ttf */ = {isa = PBXFileReference; lastKnownFileType = file; name = poppins.regular.ttf; path = ../../../../../../Downloads/poppins.regular.ttf; sourceTree = "<group>"; };
		5E5D05F82DDE87E400C37BA4 /* poppins.medium.ttf */ = {isa = PBXFileReference; lastKnownFileType = file; name = poppins.medium.ttf; path = ../../../../../../Downloads/poppins.medium.ttf; sourceTree = "<group>"; };
		5E5D062B2DDE8C4000C37BA4 /* Info.plist */ = {isa = PBXFileReference; lastKnownFileType = text.plist; path = Info.plist; sourceTree = "<group>"; };
		5E5D062C2DDE8E5F00C37BA4 /* HabitCard.swift */ = {isa = PBXFileReference; fileEncoding = 4; lastKnownFileType = sourcecode.swift; path = HabitCard.swift; sourceTree = "<group>"; };
		5E5D062D2DDE8E5F00C37BA4 /* TodoList.swift */ = {isa = PBXFileReference; fileEncoding = 4; lastKnownFileType = sourcecode.swift; path = TodoList.swift; sourceTree = "<group>"; };
		5E5D06312DDE921100C37BA4 /* HabitCarousel.swift */ = {isa = PBXFileReference; fileEncoding = 4; lastKnownFileType = sourcecode.swift; path = HabitCarousel.swift; sourceTree = "<group>"; };
		5E6572A02DC71F390063512A /* attentive.app */ = {isa = PBXFileReference; explicitFileType = wrapper.application; includeInIndex = 0; path = attentive.app; sourceTree = BUILT_PRODUCTS_DIR; };
		5E6572A32DC71F390063512A /* attentiveApp.swift */ = {isa = PBXFileReference; lastKnownFileType = sourcecode.swift; path = attentiveApp.swift; sourceTree = "<group>"; };
		5E6572A52DC71F390063512A /* ContentView.swift */ = {isa = PBXFileReference; lastKnownFileType = sourcecode.swift; path = ContentView.swift; sourceTree = "<group>"; };
		5E6572A72DC71F3A0063512A /* Assets.xcassets */ = {isa = PBXFileReference; lastKnownFileType = folder.assetcatalog; path = Assets.xcassets; sourceTree = "<group>"; };
		5E6572A92DC71F3A0063512A /* attentive.entitlements */ = {isa = PBXFileReference; lastKnownFileType = text.plist.entitlements; path = attentive.entitlements; sourceTree = "<group>"; };
		5E6572AB2DC71F3A0063512A /* Preview Assets.xcassets */ = {isa = PBXFileReference; lastKnownFileType = folder.assetcatalog; path = "Preview Assets.xcassets"; sourceTree = "<group>"; };
		5E6572B12DC71F3A0063512A /* attentiveTests.xctest */ = {isa = PBXFileReference; explicitFileType = wrapper.cfbundle; includeInIndex = 0; path = attentiveTests.xctest; sourceTree = BUILT_PRODUCTS_DIR; };
		5E6572B52DC71F3A0063512A /* attentiveTests.swift */ = {isa = PBXFileReference; lastKnownFileType = sourcecode.swift; path = attentiveTests.swift; sourceTree = "<group>"; };
		5E6572BB2DC71F3A0063512A /* attentiveUITests.xctest */ = {isa = PBXFileReference; explicitFileType = wrapper.cfbundle; includeInIndex = 0; path = attentiveUITests.xctest; sourceTree = BUILT_PRODUCTS_DIR; };
		5E6572BF2DC71F3A0063512A /* attentiveUITests.swift */ = {isa = PBXFileReference; lastKnownFileType = sourcecode.swift; path = attentiveUITests.swift; sourceTree = "<group>"; };
		5E6572C12DC71F3A0063512A /* attentiveUITestsLaunchTests.swift */ = {isa = PBXFileReference; lastKnownFileType = sourcecode.swift; path = attentiveUITestsLaunchTests.swift; sourceTree = "<group>"; };
		5EAE810A2DC72A9900227EBA /* AuthenticationServices.framework */ = {isa = PBXFileReference; lastKnownFileType = wrapper.framework; name = AuthenticationServices.framework; path = System/Library/Frameworks/AuthenticationServices.framework; sourceTree = SDKROOT; };
		5EAE81232DC72B2800227EBA /* Habit.swift */ = {isa = PBXFileReference; fileEncoding = 4; lastKnownFileType = sourcecode.swift; path = Habit.swift; sourceTree = "<group>"; };
		5EAE81242DC72B2800227EBA /* Metrics.swift */ = {isa = PBXFileReference; fileEncoding = 4; lastKnownFileType = sourcecode.swift; path = Metrics.swift; sourceTree = "<group>"; };
/* End PBXFileReference section */

/* Begin PBXFrameworksBuildPhase section */
		5E65729D2DC71F390063512A /* Frameworks */ = {
			isa = PBXFrameworksBuildPhase;
			buildActionMask = 2147483647;
			files = (
				5E6572D02DC720090063512A /* Inject in Frameworks */,
			);
			runOnlyForDeploymentPostprocessing = 0;
		};
		5E6572AE2DC71F3A0063512A /* Frameworks */ = {
			isa = PBXFrameworksBuildPhase;
			buildActionMask = 2147483647;
			files = (
			);
			runOnlyForDeploymentPostprocessing = 0;
		};
		5E6572B82DC71F3A0063512A /* Frameworks */ = {
			isa = PBXFrameworksBuildPhase;
			buildActionMask = 2147483647;
			files = (
			);
			runOnlyForDeploymentPostprocessing = 0;
		};
/* End PBXFrameworksBuildPhase section */

/* Begin PBXGroup section */
		5E5663AF2DDBD9DE00B5BD06 /* Models */ = {
			isa = PBXGroup;
			children = (
				5E5D05F12DDE829000C37BA4 /* Task.swift */,
				5E5D05D32DDE29AA00C37BA4 /* Date.swift */,
				5E5D05D12DDE29AA00C37BA4 /* User.swift */,
				5E5D05D22DDE29AA00C37BA4 /* Visualization.swift */,
				5EAE81232DC72B2800227EBA /* Habit.swift */,
				5EAE81242DC72B2800227EBA /* Metrics.swift */,
			);
			path = Models;
			sourceTree = "<group>";
		};
		5E5663B02DDBD9F000B5BD06 /* App */ = {
			isa = PBXGroup;
			children = (
			);
			path = App;
			sourceTree = "<group>";
		};
		5E5663B72DDBDC5100B5BD06 /* Pomodoro */ = {
			isa = PBXGroup;
			children = (
				5E5663CF2DDC17CE00B5BD06 /* components */,
				5E5663B52DDBDC5100B5BD06 /* PomodoroView.swift */,
				5E5663B62DDBDC5100B5BD06 /* PomodoroViewModel.swift */,
				5E5663BC2DDBEAC900B5BD06 /* PomodoroTheme.swift */,
				5E5663BE2DDBEBB000B5BD06 /* PomodoroState.swift */,
			);
			path = Pomodoro;
			sourceTree = "<group>";
		};
		5E5663B82DDBDC5100B5BD06 /* Features */ = {
			isa = PBXGroup;
			children = (
				5E5D05E32DDE7C2B00C37BA4 /* Home */,
				5E5D05E02DDE7C2B00C37BA4 /* Profile */,
				5E5663B72DDBDC5100B5BD06 /* Pomodoro */,
			);
			path = Features;
			sourceTree = "<group>";
		};
		5E5663BB2DDBE9DF00B5BD06 /* Resources */ = {
			isa = PBXGroup;
			children = (
			);
			path = Resources;
			sourceTree = "<group>";
		};
		5E5663C02DDBF32C00B5BD06 /* Shared */ = {
			isa = PBXGroup;
			children = (
				5E5663C12DDBF33100B5BD06 /* Fonts */,
			);
			path = Shared;
			sourceTree = "<group>";
		};
		5E5663C12DDBF33100B5BD06 /* Fonts */ = {
			isa = PBXGroup;
			children = (
				5E5D05F52DDE87E400C37BA4 /* poppins.bold.ttf */,
				5E5D05F82DDE87E400C37BA4 /* poppins.medium.ttf */,
				5E5D05F72DDE87E400C37BA4 /* poppins.regular.ttf */,
				5E5D05F62DDE87E400C37BA4 /* poppins.semibold.ttf */,
				5E5663C42DDBF35E00B5BD06 /* RobotoMono-VariableFont_wght.ttf */,
			);
			path = Fonts;
			sourceTree = "<group>";
		};
		5E5663CF2DDC17CE00B5BD06 /* components */ = {
			isa = PBXGroup;
			children = (
				5E5663CD2DDC17CE00B5BD06 /* ArcProgressBar.swift */,
				5E5663CE2DDC17CE00B5BD06 /* ConfigOptionsSheet.swift */,
			);
			path = components;
			sourceTree = "<group>";
		};
		5E5D05CD2DDE28B300C37BA4 /* Data */ = {
			isa = PBXGroup;
			children = (
				5E5D05DC2DDE2C1D00C37BA4 /* Storage */,
				5E5663AF2DDBD9DE00B5BD06 /* Models */,
				5E5D05CE2DDE28BD00C37BA4 /* Repository */,
			);
			path = Data;
			sourceTree = "<group>";
		};
		5E5D05CE2DDE28BD00C37BA4 /* Repository */ = {
			isa = PBXGroup;
			children = (
				5E5D05D92DDE29E400C37BA4 /* UserRepository.swift */,
				5E5D05EA2DDE7DE200C37BA4 /* UserRepositoryProtocol.swift */,
			);
			path = Repository;
			sourceTree = "<group>";
		};
		5E5D05D02DDE28FD00C37BA4 /* Domain */ = {
			isa = PBXGroup;
			children = (
				5E5D05EC2DDE7F3100C37BA4 /* User */,
			);
			path = Domain;
			sourceTree = "<group>";
		};
		5E5D05DC2DDE2C1D00C37BA4 /* Storage */ = {
			isa = PBXGroup;
			children = (
				5E5D05DB2DDE2C1D00C37BA4 /* Database.swift */,
				5E5D05E82DDE7DAF00C37BA4 /* UserStoreProtocol.swift */,
				5E5D05EF2DDE81B500C37BA4 /* MockUserData.swift */,
			);
			path = Storage;
			sourceTree = "<group>";
		};
		5E5D05E02DDE7C2B00C37BA4 /* Profile */ = {
			isa = PBXGroup;
			children = (
				5E5D062E2DDE8E5F00C37BA4 /* components */,
				5E5D05DE2DDE7C2B00C37BA4 /* ProfileView.swift */,
				5E5D05DF2DDE7C2B00C37BA4 /* ProfileViewModel.swift */,
				5E5D05F32DDE850E00C37BA4 /* ProfileTheme.swift */,
			);
			path = Profile;
			sourceTree = "<group>";
		};
		5E5D05E32DDE7C2B00C37BA4 /* Home */ = {
			isa = PBXGroup;
			children = (
				5E5D05E12DDE7C2B00C37BA4 /* HomeView.swift */,
				5E5D05E22DDE7C2B00C37BA4 /* HomeViewModel.swift */,
			);
			path = Home;
			sourceTree = "<group>";
		};
		5E5D05EC2DDE7F3100C37BA4 /* User */ = {
			isa = PBXGroup;
			children = (
				5E5D05D72DDE29DA00C37BA4 /* GetUserUseCase.swift */,
				5E5D05ED2DDE7F4000C37BA4 /* UpdateUserUseCase.swift */,
			);
			path = User;
			sourceTree = "<group>";
		};
		5E5D062E2DDE8E5F00C37BA4 /* components */ = {
			isa = PBXGroup;
			children = (
				5E5D06312DDE921100C37BA4 /* HabitCarousel.swift */,
				5E5D062C2DDE8E5F00C37BA4 /* HabitCard.swift */,
				5E5D062D2DDE8E5F00C37BA4 /* TodoList.swift */,
			);
			path = components;
			sourceTree = "<group>";
		};
		5E6572972DC71F390063512A = {
			isa = PBXGroup;
			children = (
				5E6572A22DC71F390063512A /* attentive */,
				5E6572B42DC71F3A0063512A /* attentiveTests */,
				5E6572BE2DC71F3A0063512A /* attentiveUITests */,
				5EAE81092DC72A9900227EBA /* Frameworks */,
				5E6572A12DC71F390063512A /* Products */,
			);
			sourceTree = "<group>";
		};
		5E6572A12DC71F390063512A /* Products */ = {
			isa = PBXGroup;
			children = (
				5E6572A02DC71F390063512A /* attentive.app */,
				5E6572B12DC71F3A0063512A /* attentiveTests.xctest */,
				5E6572BB2DC71F3A0063512A /* attentiveUITests.xctest */,
			);
			name = Products;
			sourceTree = "<group>";
		};
		5E6572A22DC71F390063512A /* attentive */ = {
			isa = PBXGroup;
			children = (
				5E5D062B2DDE8C4000C37BA4 /* Info.plist */,
				5E5D05D02DDE28FD00C37BA4 /* Domain */,
				5E5D05CD2DDE28B300C37BA4 /* Data */,
				5E5663C02DDBF32C00B5BD06 /* Shared */,
				5E5663BB2DDBE9DF00B5BD06 /* Resources */,
				5E5663B82DDBDC5100B5BD06 /* Features */,
				5E6572A32DC71F390063512A /* attentiveApp.swift */,
				5E5663B02DDBD9F000B5BD06 /* App */,
				5E6572A52DC71F390063512A /* ContentView.swift */,
				5E6572A72DC71F3A0063512A /* Assets.xcassets */,
				5E6572A92DC71F3A0063512A /* attentive.entitlements */,
				5E6572AA2DC71F3A0063512A /* Preview Content */,
			);
			path = attentive;
			sourceTree = "<group>";
		};
		5E6572AA2DC71F3A0063512A /* Preview Content */ = {
			isa = PBXGroup;
			children = (
				5E6572AB2DC71F3A0063512A /* Preview Assets.xcassets */,
			);
			path = "Preview Content";
			sourceTree = "<group>";
		};
		5E6572B42DC71F3A0063512A /* attentiveTests */ = {
			isa = PBXGroup;
			children = (
				5E6572B52DC71F3A0063512A /* attentiveTests.swift */,
			);
			path = attentiveTests;
			sourceTree = "<group>";
		};
		5E6572BE2DC71F3A0063512A /* attentiveUITests */ = {
			isa = PBXGroup;
			children = (
				5E6572BF2DC71F3A0063512A /* attentiveUITests.swift */,
				5E6572C12DC71F3A0063512A /* attentiveUITestsLaunchTests.swift */,
			);
			path = attentiveUITests;
			sourceTree = "<group>";
		};
		5EAE81092DC72A9900227EBA /* Frameworks */ = {
			isa = PBXGroup;
			children = (
				5EAE810A2DC72A9900227EBA /* AuthenticationServices.framework */,
			);
			name = Frameworks;
			sourceTree = "<group>";
		};
/* End PBXGroup section */

/* Begin PBXNativeTarget section */
		5E65729F2DC71F390063512A /* attentive */ = {
			isa = PBXNativeTarget;
			buildConfigurationList = 5E6572C52DC71F3A0063512A /* Build configuration list for PBXNativeTarget "attentive" */;
			buildPhases = (
				5E65729C2DC71F390063512A /* Sources */,
				5E65729D2DC71F390063512A /* Frameworks */,
				5E65729E2DC71F390063512A /* Resources */,
				5EAE81162DC72A9900227EBA /* Embed Foundation Extensions */,
			);
			buildRules = (
			);
			dependencies = (
			);
			name = attentive;
			packageProductDependencies = (
				5E6572CF2DC720090063512A /* Inject */,
			);
			productName = attentive;
			productReference = 5E6572A02DC71F390063512A /* attentive.app */;
			productType = "com.apple.product-type.application";
		};
		5E6572B02DC71F3A0063512A /* attentiveTests */ = {
			isa = PBXNativeTarget;
			buildConfigurationList = 5E6572C82DC71F3A0063512A /* Build configuration list for PBXNativeTarget "attentiveTests" */;
			buildPhases = (
				5E6572AD2DC71F3A0063512A /* Sources */,
				5E6572AE2DC71F3A0063512A /* Frameworks */,
				5E6572AF2DC71F3A0063512A /* Resources */,
			);
			buildRules = (
			);
			dependencies = (
				5E6572B32DC71F3A0063512A /* PBXTargetDependency */,
			);
			name = attentiveTests;
			productName = attentiveTests;
			productReference = 5E6572B12DC71F3A0063512A /* attentiveTests.xctest */;
			productType = "com.apple.product-type.bundle.unit-test";
		};
		5E6572BA2DC71F3A0063512A /* attentiveUITests */ = {
			isa = PBXNativeTarget;
			buildConfigurationList = 5E6572CB2DC71F3A0063512A /* Build configuration list for PBXNativeTarget "attentiveUITests" */;
			buildPhases = (
				5E6572B72DC71F3A0063512A /* Sources */,
				5E6572B82DC71F3A0063512A /* Frameworks */,
				5E6572B92DC71F3A0063512A /* Resources */,
			);
			buildRules = (
			);
			dependencies = (
				5E6572BD2DC71F3A0063512A /* PBXTargetDependency */,
			);
			name = attentiveUITests;
			productName = attentiveUITests;
			productReference = 5E6572BB2DC71F3A0063512A /* attentiveUITests.xctest */;
			productType = "com.apple.product-type.bundle.ui-testing";
		};
/* End PBXNativeTarget section */

/* Begin PBXProject section */
		5E6572982DC71F390063512A /* Project object */ = {
			isa = PBXProject;
			attributes = {
				BuildIndependentTargetsInParallel = 1;
				LastSwiftUpdateCheck = 1530;
				LastUpgradeCheck = 1530;
				TargetAttributes = {
					5E65729F2DC71F390063512A = {
						CreatedOnToolsVersion = 15.3;
					};
					5E6572B02DC71F3A0063512A = {
						CreatedOnToolsVersion = 15.3;
						TestTargetID = 5E65729F2DC71F390063512A;
					};
					5E6572BA2DC71F3A0063512A = {
						CreatedOnToolsVersion = 15.3;
						TestTargetID = 5E65729F2DC71F390063512A;
					};
				};
			};
			buildConfigurationList = 5E65729B2DC71F390063512A /* Build configuration list for PBXProject "attentive" */;
			compatibilityVersion = "Xcode 14.0";
			developmentRegion = en;
			hasScannedForEncodings = 0;
			knownRegions = (
				en,
				Base,
			);
			mainGroup = 5E6572972DC71F390063512A;
			packageReferences = (
				5E6572CE2DC71FF20063512A /* XCRemoteSwiftPackageReference "Inject" */,
			);
			productRefGroup = 5E6572A12DC71F390063512A /* Products */;
			projectDirPath = "";
			projectRoot = "";
			targets = (
				5E65729F2DC71F390063512A /* attentive */,
				5E6572B02DC71F3A0063512A /* attentiveTests */,
				5E6572BA2DC71F3A0063512A /* attentiveUITests */,
			);
		};
/* End PBXProject section */

/* Begin PBXResourcesBuildPhase section */
		5E65729E2DC71F390063512A /* Resources */ = {
			isa = PBXResourcesBuildPhase;
			buildActionMask = 2147483647;
			files = (
				5E5D05FC2DDE87E400C37BA4 /* poppins.medium.ttf in Resources */,
				5E5D05FB2DDE87E400C37BA4 /* poppins.regular.ttf in Resources */,
				5E5D05F92DDE87E400C37BA4 /* poppins.bold.ttf in Resources */,
				5E6572AC2DC71F3A0063512A /* Preview Assets.xcassets in Resources */,
				5E5D05FA2DDE87E400C37BA4 /* poppins.semibold.ttf in Resources */,
				5E6572A82DC71F3A0063512A /* Assets.xcassets in Resources */,
			);
			runOnlyForDeploymentPostprocessing = 0;
		};
		5E6572AF2DC71F3A0063512A /* Resources */ = {
			isa = PBXResourcesBuildPhase;
			buildActionMask = 2147483647;
			files = (
			);
			runOnlyForDeploymentPostprocessing = 0;
		};
		5E6572B92DC71F3A0063512A /* Resources */ = {
			isa = PBXResourcesBuildPhase;
			buildActionMask = 2147483647;
			files = (
			);
			runOnlyForDeploymentPostprocessing = 0;
		};
/* End PBXResourcesBuildPhase section */

/* Begin PBXSourcesBuildPhase section */
		5E65729C2DC71F390063512A /* Sources */ = {
			isa = PBXSourcesBuildPhase;
			buildActionMask = 2147483647;
			files = (
				5E5D05F02DDE81B500C37BA4 /* MockUserData.swift in Sources */,
				5E5D05EB2DDE7DE200C37BA4 /* UserRepositoryProtocol.swift in Sources */,
				5E5663D12DDC17CE00B5BD06 /* ConfigOptionsSheet.swift in Sources */,
				5E5663B92DDBDC5100B5BD06 /* PomodoroView.swift in Sources */,
				5EAE81272DC72B2800227EBA /* Habit.swift in Sources */,
				5E5D05E72DDE7C2B00C37BA4 /* HomeViewModel.swift in Sources */,
				5E6572A62DC71F390063512A /* ContentView.swift in Sources */,
				5E6572A42DC71F390063512A /* attentiveApp.swift in Sources */,
				5E5D06322DDE921100C37BA4 /* HabitCarousel.swift in Sources */,
				5EAE81282DC72B2800227EBA /* Metrics.swift in Sources */,
				5E5663BA2DDBDC5100B5BD06 /* PomodoroViewModel.swift in Sources */,
				5E5663D02DDC17CE00B5BD06 /* ArcProgressBar.swift in Sources */,
				5E5D05DA2DDE29E400C37BA4 /* UserRepository.swift in Sources */,
				5E5D05F22DDE829000C37BA4 /* Task.swift in Sources */,
				5E5D05E42DDE7C2B00C37BA4 /* ProfileView.swift in Sources */,
				5E5D05D52DDE29AA00C37BA4 /* Visualization.swift in Sources */,
				5E5D06302DDE8E5F00C37BA4 /* TodoList.swift in Sources */,
				5E5663BF2DDBEBB000B5BD06 /* PomodoroState.swift in Sources */,
				5E5D05E52DDE7C2B00C37BA4 /* ProfileViewModel.swift in Sources */,
				5E5D05D82DDE29DA00C37BA4 /* GetUserUseCase.swift in Sources */,
				5E5D05E92DDE7DAF00C37BA4 /* UserStoreProtocol.swift in Sources */,
				5E5663BD2DDBEAC900B5BD06 /* PomodoroTheme.swift in Sources */,
				5E5D05D62DDE29AA00C37BA4 /* Date.swift in Sources */,
				5E5D05DD2DDE2C1D00C37BA4 /* Database.swift in Sources */,
				5E5D05D42DDE29AA00C37BA4 /* User.swift in Sources */,
				5E5D05F42DDE850E00C37BA4 /* ProfileTheme.swift in Sources */,
				5E5D05EE2DDE7F4000C37BA4 /* UpdateUserUseCase.swift in Sources */,
				5E5D062F2DDE8E5F00C37BA4 /* HabitCard.swift in Sources */,
				5E5D05E62DDE7C2B00C37BA4 /* HomeView.swift in Sources */,
			);
			runOnlyForDeploymentPostprocessing = 0;
		};
		5E6572AD2DC71F3A0063512A /* Sources */ = {
			isa = PBXSourcesBuildPhase;
			buildActionMask = 2147483647;
			files = (
				5E6572B62DC71F3A0063512A /* attentiveTests.swift in Sources */,
			);
			runOnlyForDeploymentPostprocessing = 0;
		};
		5E6572B72DC71F3A0063512A /* Sources */ = {
			isa = PBXSourcesBuildPhase;
			buildActionMask = 2147483647;
			files = (
				5E6572C02DC71F3A0063512A /* attentiveUITests.swift in Sources */,
				5E6572C22DC71F3A0063512A /* attentiveUITestsLaunchTests.swift in Sources */,
			);
			runOnlyForDeploymentPostprocessing = 0;
		};
/* End PBXSourcesBuildPhase section */

/* Begin PBXTargetDependency section */
		5E6572B32DC71F3A0063512A /* PBXTargetDependency */ = {
			isa = PBXTargetDependency;
			target = 5E65729F2DC71F390063512A /* attentive */;
			targetProxy = 5E6572B22DC71F3A0063512A /* PBXContainerItemProxy */;
		};
		5E6572BD2DC71F3A0063512A /* PBXTargetDependency */ = {
			isa = PBXTargetDependency;
			target = 5E65729F2DC71F390063512A /* attentive */;
			targetProxy = 5E6572BC2DC71F3A0063512A /* PBXContainerItemProxy */;
		};
/* End PBXTargetDependency section */

/* Begin XCBuildConfiguration section */
		5E6572C32DC71F3A0063512A /* Debug */ = {
			isa = XCBuildConfiguration;
			buildSettings = {
				ALLOW_TARGET_PLATFORM_SPECIALIZATION = NO;
				ALWAYS_SEARCH_USER_PATHS = NO;
				ASSETCATALOG_COMPILER_GENERATE_SWIFT_ASSET_SYMBOL_EXTENSIONS = YES;
				CLANG_ANALYZER_NONNULL = YES;
				CLANG_ANALYZER_NUMBER_OBJECT_CONVERSION = YES_AGGRESSIVE;
				CLANG_CXX_LANGUAGE_STANDARD = "gnu++20";
				CLANG_ENABLE_MODULES = YES;
				CLANG_ENABLE_OBJC_ARC = YES;
				CLANG_ENABLE_OBJC_WEAK = YES;
				CLANG_WARN_BLOCK_CAPTURE_AUTORELEASING = YES;
				CLANG_WARN_BOOL_CONVERSION = YES;
				CLANG_WARN_COMMA = YES;
				CLANG_WARN_CONSTANT_CONVERSION = YES;
				CLANG_WARN_DEPRECATED_OBJC_IMPLEMENTATIONS = YES;
				CLANG_WARN_DIRECT_OBJC_ISA_USAGE = YES_ERROR;
				CLANG_WARN_DOCUMENTATION_COMMENTS = YES;
				CLANG_WARN_EMPTY_BODY = YES;
				CLANG_WARN_ENUM_CONVERSION = YES;
				CLANG_WARN_INFINITE_RECURSION = YES;
				CLANG_WARN_INT_CONVERSION = YES;
				CLANG_WARN_NON_LITERAL_NULL_CONVERSION = YES;
				CLANG_WARN_OBJC_IMPLICIT_RETAIN_SELF = YES;
				CLANG_WARN_OBJC_LITERAL_CONVERSION = YES;
				CLANG_WARN_OBJC_ROOT_CLASS = YES_ERROR;
				CLANG_WARN_QUOTED_INCLUDE_IN_FRAMEWORK_HEADER = YES;
				CLANG_WARN_RANGE_LOOP_ANALYSIS = YES;
				CLANG_WARN_STRICT_PROTOTYPES = YES;
				CLANG_WARN_SUSPICIOUS_MOVE = YES;
				CLANG_WARN_UNGUARDED_AVAILABILITY = YES_AGGRESSIVE;
				CLANG_WARN_UNREACHABLE_CODE = YES;
				CLANG_WARN__DUPLICATE_METHOD_MATCH = YES;
				COPY_PHASE_STRIP = NO;
				DEBUG_INFORMATION_FORMAT = dwarf;
				ENABLE_STRICT_OBJC_MSGSEND = YES;
				ENABLE_TESTABILITY = YES;
				ENABLE_USER_SCRIPT_SANDBOXING = YES;
				GCC_C_LANGUAGE_STANDARD = gnu17;
				GCC_DYNAMIC_NO_PIC = NO;
				GCC_NO_COMMON_BLOCKS = YES;
				GCC_OPTIMIZATION_LEVEL = 0;
				GCC_PREPROCESSOR_DEFINITIONS = (
					"DEBUG=1",
					"$(inherited)",
				);
				GCC_WARN_64_TO_32_BIT_CONVERSION = YES;
				GCC_WARN_ABOUT_RETURN_TYPE = YES_ERROR;
				GCC_WARN_UNDECLARED_SELECTOR = YES;
				GCC_WARN_UNINITIALIZED_AUTOS = YES_AGGRESSIVE;
				GCC_WARN_UNUSED_FUNCTION = YES;
				GCC_WARN_UNUSED_VARIABLE = YES;
				LOCALIZATION_PREFERS_STRING_CATALOGS = YES;
				MTL_ENABLE_DEBUG_INFO = INCLUDE_SOURCE;
				MTL_FAST_MATH = YES;
				ONLY_ACTIVE_ARCH = YES;
				SDKROOT = iphoneos;
				SWIFT_ACTIVE_COMPILATION_CONDITIONS = "DEBUG $(inherited)";
				SWIFT_OPTIMIZATION_LEVEL = "-Onone";
			};
			name = Debug;
		};
		5E6572C42DC71F3A0063512A /* Release */ = {
			isa = XCBuildConfiguration;
			buildSettings = {
				ALLOW_TARGET_PLATFORM_SPECIALIZATION = NO;
				ALWAYS_SEARCH_USER_PATHS = NO;
				ASSETCATALOG_COMPILER_GENERATE_SWIFT_ASSET_SYMBOL_EXTENSIONS = YES;
				CLANG_ANALYZER_NONNULL = YES;
				CLANG_ANALYZER_NUMBER_OBJECT_CONVERSION = YES_AGGRESSIVE;
				CLANG_CXX_LANGUAGE_STANDARD = "gnu++20";
				CLANG_ENABLE_MODULES = YES;
				CLANG_ENABLE_OBJC_ARC = YES;
				CLANG_ENABLE_OBJC_WEAK = YES;
				CLANG_WARN_BLOCK_CAPTURE_AUTORELEASING = YES;
				CLANG_WARN_BOOL_CONVERSION = YES;
				CLANG_WARN_COMMA = YES;
				CLANG_WARN_CONSTANT_CONVERSION = YES;
				CLANG_WARN_DEPRECATED_OBJC_IMPLEMENTATIONS = YES;
				CLANG_WARN_DIRECT_OBJC_ISA_USAGE = YES_ERROR;
				CLANG_WARN_DOCUMENTATION_COMMENTS = YES;
				CLANG_WARN_EMPTY_BODY = YES;
				CLANG_WARN_ENUM_CONVERSION = YES;
				CLANG_WARN_INFINITE_RECURSION = YES;
				CLANG_WARN_INT_CONVERSION = YES;
				CLANG_WARN_NON_LITERAL_NULL_CONVERSION = YES;
				CLANG_WARN_OBJC_IMPLICIT_RETAIN_SELF = YES;
				CLANG_WARN_OBJC_LITERAL_CONVERSION = YES;
				CLANG_WARN_OBJC_ROOT_CLASS = YES_ERROR;
				CLANG_WARN_QUOTED_INCLUDE_IN_FRAMEWORK_HEADER = YES;
				CLANG_WARN_RANGE_LOOP_ANALYSIS = YES;
				CLANG_WARN_STRICT_PROTOTYPES = YES;
				CLANG_WARN_SUSPICIOUS_MOVE = YES;
				CLANG_WARN_UNGUARDED_AVAILABILITY = YES_AGGRESSIVE;
				CLANG_WARN_UNREACHABLE_CODE = YES;
				CLANG_WARN__DUPLICATE_METHOD_MATCH = YES;
				COPY_PHASE_STRIP = NO;
				DEBUG_INFORMATION_FORMAT = "dwarf-with-dsym";
				ENABLE_NS_ASSERTIONS = NO;
				ENABLE_STRICT_OBJC_MSGSEND = YES;
				ENABLE_USER_SCRIPT_SANDBOXING = YES;
				GCC_C_LANGUAGE_STANDARD = gnu17;
				GCC_NO_COMMON_BLOCKS = YES;
				GCC_WARN_64_TO_32_BIT_CONVERSION = YES;
				GCC_WARN_ABOUT_RETURN_TYPE = YES_ERROR;
				GCC_WARN_UNDECLARED_SELECTOR = YES;
				GCC_WARN_UNINITIALIZED_AUTOS = YES_AGGRESSIVE;
				GCC_WARN_UNUSED_FUNCTION = YES;
				GCC_WARN_UNUSED_VARIABLE = YES;
				LOCALIZATION_PREFERS_STRING_CATALOGS = YES;
				MTL_ENABLE_DEBUG_INFO = NO;
				MTL_FAST_MATH = YES;
				SDKROOT = iphoneos;
				SWIFT_COMPILATION_MODE = wholemodule;
			};
			name = Release;
		};
		5E6572C62DC71F3A0063512A /* Debug */ = {
			isa = XCBuildConfiguration;
			buildSettings = {
				ASSETCATALOG_COMPILER_APPICON_NAME = AppIcon;
				ASSETCATALOG_COMPILER_GLOBAL_ACCENT_COLOR_NAME = AccentColor;
				CODE_SIGN_ENTITLEMENTS = attentive/attentive.entitlements;
				CODE_SIGN_STYLE = Automatic;
				CURRENT_PROJECT_VERSION = 1;
				DEVELOPMENT_ASSET_PATHS = "\"attentive/Preview Content\"";
				ENABLE_PREVIEWS = YES;
				GENERATE_INFOPLIST_FILE = YES;
				INFOPLIST_FILE = attentive/Info.plist;
				INFOPLIST_KEY_UIApplicationSceneManifest_Generation = YES;
				"INFOPLIST_KEY_UIApplicationSceneManifest_Generation[sdk=iphoneos*]" = YES;
				"INFOPLIST_KEY_UIApplicationSceneManifest_Generation[sdk=iphonesimulator*]" = YES;
				INFOPLIST_KEY_UIApplicationSupportsIndirectInputEvents = YES;
				"INFOPLIST_KEY_UIApplicationSupportsIndirectInputEvents[sdk=iphoneos*]" = YES;
				"INFOPLIST_KEY_UIApplicationSupportsIndirectInputEvents[sdk=iphonesimulator*]" = YES;
				INFOPLIST_KEY_UILaunchScreen_Generation = YES;
				"INFOPLIST_KEY_UILaunchScreen_Generation[sdk=iphoneos*]" = YES;
				"INFOPLIST_KEY_UILaunchScreen_Generation[sdk=iphonesimulator*]" = YES;
				INFOPLIST_KEY_UIStatusBarStyle = UIStatusBarStyleDefault;
				"INFOPLIST_KEY_UIStatusBarStyle[sdk=iphoneos*]" = UIStatusBarStyleDefault;
				"INFOPLIST_KEY_UIStatusBarStyle[sdk=iphonesimulator*]" = UIStatusBarStyleDefault;
				INFOPLIST_KEY_UISupportedInterfaceOrientations_iPad = "UIInterfaceOrientationPortrait UIInterfaceOrientationPortraitUpsideDown UIInterfaceOrientationLandscapeLeft UIInterfaceOrientationLandscapeRight";
				INFOPLIST_KEY_UISupportedInterfaceOrientations_iPhone = "UIInterfaceOrientationPortrait UIInterfaceOrientationLandscapeLeft UIInterfaceOrientationLandscapeRight";
				IPHONEOS_DEPLOYMENT_TARGET = 17.4;
				LD_RUNPATH_SEARCH_PATHS = "@executable_path/Frameworks";
				"LD_RUNPATH_SEARCH_PATHS[sdk=macosx*]" = "@executable_path/../Frameworks";
				MACOSX_DEPLOYMENT_TARGET = 14.4;
				MARKETING_VERSION = 1.0;
				PRODUCT_BUNDLE_IDENTIFIER = cky.attentive;
				PRODUCT_NAME = "$(TARGET_NAME)";
				SDKROOT = iphoneos;
				SUPPORTED_PLATFORMS = "iphoneos iphonesimulator macosx";
				SWIFT_EMIT_LOC_STRINGS = YES;
				SWIFT_VERSION = 5.0;
				TARGETED_DEVICE_FAMILY = "1,2";
			};
			name = Debug;
		};
		5E6572C72DC71F3A0063512A /* Release */ = {
			isa = XCBuildConfiguration;
			buildSettings = {
				ASSETCATALOG_COMPILER_APPICON_NAME = AppIcon;
				ASSETCATALOG_COMPILER_GLOBAL_ACCENT_COLOR_NAME = AccentColor;
				CODE_SIGN_ENTITLEMENTS = attentive/attentive.entitlements;
				CODE_SIGN_STYLE = Automatic;
				CURRENT_PROJECT_VERSION = 1;
				DEVELOPMENT_ASSET_PATHS = "\"attentive/Preview Content\"";
				ENABLE_PREVIEWS = YES;
				GENERATE_INFOPLIST_FILE = YES;
				INFOPLIST_FILE = attentive/Info.plist;
				INFOPLIST_KEY_UIApplicationSceneManifest_Generation = YES;
				"INFOPLIST_KEY_UIApplicationSceneManifest_Generation[sdk=iphoneos*]" = YES;
				"INFOPLIST_KEY_UIApplicationSceneManifest_Generation[sdk=iphonesimulator*]" = YES;
				INFOPLIST_KEY_UIApplicationSupportsIndirectInputEvents = YES;
				"INFOPLIST_KEY_UIApplicationSupportsIndirectInputEvents[sdk=iphoneos*]" = YES;
				"INFOPLIST_KEY_UIApplicationSupportsIndirectInputEvents[sdk=iphonesimulator*]" = YES;
				INFOPLIST_KEY_UILaunchScreen_Generation = YES;
				"INFOPLIST_KEY_UILaunchScreen_Generation[sdk=iphoneos*]" = YES;
				"INFOPLIST_KEY_UILaunchScreen_Generation[sdk=iphonesimulator*]" = YES;
				INFOPLIST_KEY_UIStatusBarStyle = UIStatusBarStyleDefault;
				"INFOPLIST_KEY_UIStatusBarStyle[sdk=iphoneos*]" = UIStatusBarStyleDefault;
				"INFOPLIST_KEY_UIStatusBarStyle[sdk=iphonesimulator*]" = UIStatusBarStyleDefault;
				INFOPLIST_KEY_UISupportedInterfaceOrientations_iPad = "UIInterfaceOrientationPortrait UIInterfaceOrientationPortraitUpsideDown UIInterfaceOrientationLandscapeLeft UIInterfaceOrientationLandscapeRight";
				INFOPLIST_KEY_UISupportedInterfaceOrientations_iPhone = "UIInterfaceOrientationPortrait UIInterfaceOrientationLandscapeLeft UIInterfaceOrientationLandscapeRight";
				IPHONEOS_DEPLOYMENT_TARGET = 17.4;
				LD_RUNPATH_SEARCH_PATHS = "@executable_path/Frameworks";
				"LD_RUNPATH_SEARCH_PATHS[sdk=macosx*]" = "@executable_path/../Frameworks";
				MACOSX_DEPLOYMENT_TARGET = 14.4;
				MARKETING_VERSION = 1.0;
				PRODUCT_BUNDLE_IDENTIFIER = cky.attentive;
				PRODUCT_NAME = "$(TARGET_NAME)";
				SDKROOT = iphoneos;
				SUPPORTED_PLATFORMS = "iphoneos iphonesimulator macosx";
				SWIFT_EMIT_LOC_STRINGS = YES;
				SWIFT_VERSION = 5.0;
				TARGETED_DEVICE_FAMILY = "1,2";
			};
			name = Release;
		};
		5E6572C92DC71F3A0063512A /* Debug */ = {
			isa = XCBuildConfiguration;
			buildSettings = {
				ALWAYS_EMBED_SWIFT_STANDARD_LIBRARIES = YES;
				BUNDLE_LOADER = "$(TEST_HOST)";
				CODE_SIGN_STYLE = Automatic;
				CURRENT_PROJECT_VERSION = 1;
				GENERATE_INFOPLIST_FILE = YES;
				IPHONEOS_DEPLOYMENT_TARGET = 17.4;
				MACOSX_DEPLOYMENT_TARGET = 14.4;
				MARKETING_VERSION = 1.0;
				PRODUCT_BUNDLE_IDENTIFIER = cky.attentiveTests;
				PRODUCT_NAME = "$(TARGET_NAME)";
				SDKROOT = auto;
				SUPPORTED_PLATFORMS = "iphoneos iphonesimulator macosx";
				SWIFT_EMIT_LOC_STRINGS = NO;
				SWIFT_VERSION = 5.0;
				TARGETED_DEVICE_FAMILY = "1,2";
				TEST_HOST = "$(BUILT_PRODUCTS_DIR)/attentive.app/$(BUNDLE_EXECUTABLE_FOLDER_PATH)/attentive";
			};
			name = Debug;
		};
		5E6572CA2DC71F3A0063512A /* Release */ = {
			isa = XCBuildConfiguration;
			buildSettings = {
				ALWAYS_EMBED_SWIFT_STANDARD_LIBRARIES = YES;
				BUNDLE_LOADER = "$(TEST_HOST)";
				CODE_SIGN_STYLE = Automatic;
				CURRENT_PROJECT_VERSION = 1;
				GENERATE_INFOPLIST_FILE = YES;
				IPHONEOS_DEPLOYMENT_TARGET = 17.4;
				MACOSX_DEPLOYMENT_TARGET = 14.4;
				MARKETING_VERSION = 1.0;
				PRODUCT_BUNDLE_IDENTIFIER = cky.attentiveTests;
				PRODUCT_NAME = "$(TARGET_NAME)";
				SDKROOT = auto;
				SUPPORTED_PLATFORMS = "iphoneos iphonesimulator macosx";
				SWIFT_EMIT_LOC_STRINGS = NO;
				SWIFT_VERSION = 5.0;
				TARGETED_DEVICE_FAMILY = "1,2";
				TEST_HOST = "$(BUILT_PRODUCTS_DIR)/attentive.app/$(BUNDLE_EXECUTABLE_FOLDER_PATH)/attentive";
			};
			name = Release;
		};
		5E6572CC2DC71F3A0063512A /* Debug */ = {
			isa = XCBuildConfiguration;
			buildSettings = {
				ALWAYS_EMBED_SWIFT_STANDARD_LIBRARIES = YES;
				CODE_SIGN_STYLE = Automatic;
				CURRENT_PROJECT_VERSION = 1;
				GENERATE_INFOPLIST_FILE = YES;
				IPHONEOS_DEPLOYMENT_TARGET = 17.4;
				MACOSX_DEPLOYMENT_TARGET = 14.4;
				MARKETING_VERSION = 1.0;
				PRODUCT_BUNDLE_IDENTIFIER = cky.attentiveUITests;
				PRODUCT_NAME = "$(TARGET_NAME)";
				SDKROOT = auto;
				SUPPORTED_PLATFORMS = "iphoneos iphonesimulator macosx";
				SWIFT_EMIT_LOC_STRINGS = NO;
				SWIFT_VERSION = 5.0;
				TARGETED_DEVICE_FAMILY = "1,2";
				TEST_TARGET_NAME = attentive;
			};
			name = Debug;
		};
		5E6572CD2DC71F3A0063512A /* Release */ = {
			isa = XCBuildConfiguration;
			buildSettings = {
				ALWAYS_EMBED_SWIFT_STANDARD_LIBRARIES = YES;
				CODE_SIGN_STYLE = Automatic;
				CURRENT_PROJECT_VERSION = 1;
				GENERATE_INFOPLIST_FILE = YES;
				IPHONEOS_DEPLOYMENT_TARGET = 17.4;
				MACOSX_DEPLOYMENT_TARGET = 14.4;
				MARKETING_VERSION = 1.0;
				PRODUCT_BUNDLE_IDENTIFIER = cky.attentiveUITests;
				PRODUCT_NAME = "$(TARGET_NAME)";
				SDKROOT = auto;
				SUPPORTED_PLATFORMS = "iphoneos iphonesimulator macosx";
				SWIFT_EMIT_LOC_STRINGS = NO;
				SWIFT_VERSION = 5.0;
				TARGETED_DEVICE_FAMILY = "1,2";
				TEST_TARGET_NAME = attentive;
			};
			name = Release;
		};
/* End XCBuildConfiguration section */

/* Begin XCConfigurationList section */
		5E65729B2DC71F390063512A /* Build configuration list for PBXProject "attentive" */ = {
			isa = XCConfigurationList;
			buildConfigurations = (
				5E6572C32DC71F3A0063512A /* Debug */,
				5E6572C42DC71F3A0063512A /* Release */,
			);
			defaultConfigurationIsVisible = 0;
			defaultConfigurationName = Release;
		};
		5E6572C52DC71F3A0063512A /* Build configuration list for PBXNativeTarget "attentive" */ = {
			isa = XCConfigurationList;
			buildConfigurations = (
				5E6572C62DC71F3A0063512A /* Debug */,
				5E6572C72DC71F3A0063512A /* Release */,
			);
			defaultConfigurationIsVisible = 0;
			defaultConfigurationName = Release;
		};
		5E6572C82DC71F3A0063512A /* Build configuration list for PBXNativeTarget "attentiveTests" */ = {
			isa = XCConfigurationList;
			buildConfigurations = (
				5E6572C92DC71F3A0063512A /* Debug */,
				5E6572CA2DC71F3A0063512A /* Release */,
			);
			defaultConfigurationIsVisible = 0;
			defaultConfigurationName = Release;
		};
		5E6572CB2DC71F3A0063512A /* Build configuration list for PBXNativeTarget "attentiveUITests" */ = {
			isa = XCConfigurationList;
			buildConfigurations = (
				5E6572CC2DC71F3A0063512A /* Debug */,
				5E6572CD2DC71F3A0063512A /* Release */,
			);
			defaultConfigurationIsVisible = 0;
			defaultConfigurationName = Release;
		};
/* End XCConfigurationList section */

/* Begin XCRemoteSwiftPackageReference section */
		5E6572CE2DC71FF20063512A /* XCRemoteSwiftPackageReference "Inject" */ = {
			isa = XCRemoteSwiftPackageReference;
			repositoryURL = "https://github.com/krzysztofzablocki/Inject.git";
			requirement = {
				kind = upToNextMajorVersion;
				minimumVersion = 1.5.2;
			};
		};
/* End XCRemoteSwiftPackageReference section */

/* Begin XCSwiftPackageProductDependency section */
		5E6572CF2DC720090063512A /* Inject */ = {
			isa = XCSwiftPackageProductDependency;
			package = 5E6572CE2DC71FF20063512A /* XCRemoteSwiftPackageReference "Inject" */;
			productName = Inject;
		};
/* End XCSwiftPackageProductDependency section */
	};
	rootObject = 5E6572982DC71F390063512A /* Project object */;
}
